
Microsoft Visual Studio Solution File, Format Version 12.00
# Visual Studio Version 17
VisualStudioVersion = 17.4.33213.308
MinimumVisualStudioVersion = 10.0.40219.1
Project("{FAE04EC0-301F-11D3-BF4B-00C04F79EFBC}") = "ColoredRectangle", "ColoredRectangle\ColoredRectangle.csproj", "{D4335921-7286-4DB7-B1D4-C9DDE6AB381D}"
EndProject
Global
	GlobalSection(SolutionConfigurationPlatforms) = preSolution
		Debug|Any CPU = Debug|Any CPU
		Release|Any CPU = Release|Any CPU
	EndGlobalSection
	GlobalSection(ProjectConfigurationPlatforms) = postSolution
		{D4335921-7286-4DB7-B1D4-C9DDE6AB381D}.Debug|Any CPU.ActiveCfg = Debug|Any CPU
		{D4335921-7286-4DB7-B1D4-C9DDE6AB381D}.Debug|Any CPU.Build.0 = Debug|Any CPU
		{D4335921-7286-4DB7-B1D4-C9DDE6AB381D}.Release|Any CPU.ActiveCfg = Release|Any CPU
		{D4335921-7286-4DB7-B1D4-C9DDE6AB381D}.Release|Any CPU.Build.0 = Release|Any CPU
	EndGlobalSection
	GlobalSection(SolutionProperties) = preSolution
		HideSolutionNode = FALSE
	EndGlobalSection
	GlobalSection(ExtensibilityGlobals) = postSolution
		SolutionGuid = {147BB344-4E23-4A06-925A-E1786215DEBA}
	EndGlobalSection
EndGlobal
